// !$*UTF8*$!
{
	archiveVersion = 1;
	classes = {
	};
	objectVersion = 50;
	objects = {

/* Begin PBXBuildFile section */
		D847B2B32384FDC7004BFD8D /* compass.c in Sources */ = {isa = PBXBuildFile; fileRef = D847B2B22384FDC7004BFD8D /* compass.c */; };
		D847B2B6238CEB96004BFD8D /* name_test.c in Sources */ = {isa = PBXBuildFile; fileRef = D847B2B5238CEB96004BFD8D /* name_test.c */; };
		D84886C3238EE088005BFB74 /* monte.c in Sources */ = {isa = PBXBuildFile; fileRef = D84886C2238EE088005BFB74 /* monte.c */; };
		D84886C6238EECCC005BFB74 /* jukebox.c in Sources */ = {isa = PBXBuildFile; fileRef = D84886C5238EECCC005BFB74 /* jukebox.c */; };
		D87A7535253EA7FE00EF3F20 /* bermuda.c in Sources */ = {isa = PBXBuildFile; fileRef = D87A7534253EA7FE00EF3F20 /* bermuda.c */; };
		D8E76E18239F62440011EA84 /* geo2json.c in Sources */ = {isa = PBXBuildFile; fileRef = D8E76E17239F62440011EA84 /* geo2json.c */; };
		D8FEFAAF237D0BED0096CD6F /* cards.c in Sources */ = {isa = PBXBuildFile; fileRef = D8FEFAAE237D0BED0096CD6F /* cards.c */; };
		D8FEFABB23825BCC0096CD6F /* larger.c in Sources */ = {isa = PBXBuildFile; fileRef = D8FEFABA23825BCC0096CD6F /* larger.c */; };
/* End PBXBuildFile section */

/* Begin PBXCopyFilesBuildPhase section */
		D8FEFAA9237D0BED0096CD6F /* CopyFiles */ = {
			isa = PBXCopyFilesBuildPhase;
			buildActionMask = 2147483647;
			dstPath = /usr/share/man/man1/;
			dstSubfolderSpec = 0;
			files = (
			);
			runOnlyForDeploymentPostprocessing = 1;
		};
/* End PBXCopyFilesBuildPhase section */

/* Begin PBXFileReference section */
		D847B2B22384FDC7004BFD8D /* compass.c */ = {isa = PBXFileReference; lastKnownFileType = sourcecode.c.c; path = compass.c; sourceTree = "<group>"; };
		D847B2B5238CEB96004BFD8D /* name_test.c */ = {isa = PBXFileReference; lastKnownFileType = sourcecode.c.c; path = name_test.c; sourceTree = "<group>"; };
		D84886C2238EE088005BFB74 /* monte.c */ = {isa = PBXFileReference; lastKnownFileType = sourcecode.c.c; path = monte.c; sourceTree = "<group>"; };
		D84886C5238EECCC005BFB74 /* jukebox.c */ = {isa = PBXFileReference; lastKnownFileType = sourcecode.c.c; path = jukebox.c; sourceTree = "<group>"; };
		D87A7534253EA7FE00EF3F20 /* bermuda.c */ = {isa = PBXFileReference; lastKnownFileType = sourcecode.c.c; path = bermuda.c; sourceTree = "<group>"; };
		D8E76E17239F62440011EA84 /* geo2json.c */ = {isa = PBXFileReference; lastKnownFileType = sourcecode.c.c; path = geo2json.c; sourceTree = "<group>"; };
		D8FEFAAB237D0BED0096CD6F /* HeadFirstC */ = {isa = PBXFileReference; explicitFileType = "compiled.mach-o.executable"; includeInIndex = 0; path = HeadFirstC; sourceTree = BUILT_PRODUCTS_DIR; };
		D8FEFAAE237D0BED0096CD6F /* cards.c */ = {isa = PBXFileReference; lastKnownFileType = sourcecode.c.c; path = cards.c; sourceTree = "<group>"; };
		D8FEFABA23825BCC0096CD6F /* larger.c */ = {isa = PBXFileReference; lastKnownFileType = sourcecode.c.c; path = larger.c; sourceTree = "<group>"; };
/* End PBXFileReference section */

/* Begin PBXFrameworksBuildPhase section */
		D8FEFAA8237D0BED0096CD6F /* Frameworks */ = {
			isa = PBXFrameworksBuildPhase;
			buildActionMask = 2147483647;
			files = (
			);
			runOnlyForDeploymentPostprocessing = 0;
		};
/* End PBXFrameworksBuildPhase section */

/* Begin PBXGroup section */
		D847B2B12384FD9E004BFD8D /* page89 */ = {
			isa = PBXGroup;
			children = (
				D847B2B22384FDC7004BFD8D /* compass.c */,
			);
			path = page89;
			sourceTree = "<group>";
		};
		D847B2B4238CEB7A004BFD8D /* page105 */ = {
			isa = PBXGroup;
			children = (
				D847B2B5238CEB96004BFD8D /* name_test.c */,
			);
			path = page105;
			sourceTree = "<group>";
		};
		D84886C1238EE05B005BFB74 /* page116 */ = {
			isa = PBXGroup;
			children = (
				D84886C2238EE088005BFB74 /* monte.c */,
			);
			path = page116;
			sourceTree = "<group>";
		};
		D84886C4238EECAC005BFB74 /* page125 */ = {
			isa = PBXGroup;
			children = (
				D84886C5238EECCC005BFB74 /* jukebox.c */,
			);
			path = page125;
			sourceTree = "<group>";
		};
		D8E76E19239F62500011EA84 /* page145 */ = {
			isa = PBXGroup;
			children = (
				D8E76E17239F62440011EA84 /* geo2json.c */,
				D87A7534253EA7FE00EF3F20 /* bermuda.c */,
			);
			path = page145;
			sourceTree = "<group>";
		};
		D8FEFAA2237D0BED0096CD6F = {
			isa = PBXGroup;
			children = (
				D8FEFAAD237D0BED0096CD6F /* HeadFirstC */,
				D8FEFAAC237D0BED0096CD6F /* Products */,
			);
			sourceTree = "<group>";
		};
		D8FEFAAC237D0BED0096CD6F /* Products */ = {
			isa = PBXGroup;
			children = (
				D8FEFAAB237D0BED0096CD6F /* HeadFirstC */,
			);
			name = Products;
			sourceTree = "<group>";
		};
		D8FEFAAD237D0BED0096CD6F /* HeadFirstC */ = {
			isa = PBXGroup;
			children = (
				D8E76E19239F62500011EA84 /* page145 */,
				D84886C4238EECAC005BFB74 /* page125 */,
				D84886C1238EE05B005BFB74 /* page116 */,
				D847B2B4238CEB7A004BFD8D /* page105 */,
				D847B2B12384FD9E004BFD8D /* page89 */,
				D8FEFAB623825B190096CD6F /* page72 */,
				D8FEFAB5237D0DD10096CD6F /* page48 */,
			);
			path = HeadFirstC;
			sourceTree = "<group>";
		};
		D8FEFAB5237D0DD10096CD6F /* page48 */ = {
			isa = PBXGroup;
			children = (
				D8FEFAAE237D0BED0096CD6F /* cards.c */,
			);
			path = page48;
			sourceTree = "<group>";
		};
		D8FEFAB623825B190096CD6F /* page72 */ = {
			isa = PBXGroup;
			children = (
				D8FEFABA23825BCC0096CD6F /* larger.c */,
			);
			path = page72;
			sourceTree = "<group>";
		};
/* End PBXGroup section */

/* Begin PBXNativeTarget section */
		D8FEFAAA237D0BED0096CD6F /* HeadFirstC */ = {
			isa = PBXNativeTarget;
			buildConfigurationList = D8FEFAB2237D0BED0096CD6F /* Build configuration list for PBXNativeTarget "HeadFirstC" */;
			buildPhases = (
				D8FEFAA7237D0BED0096CD6F /* Sources */,
				D8FEFAA8237D0BED0096CD6F /* Frameworks */,
				D8FEFAA9237D0BED0096CD6F /* CopyFiles */,
			);
			buildRules = (
			);
			dependencies = (
			);
			name = HeadFirstC;
			productName = HeadFirstC;
			productReference = D8FEFAAB237D0BED0096CD6F /* HeadFirstC */;
			productType = "com.apple.product-type.tool";
		};
/* End PBXNativeTarget section */

/* Begin PBXProject section */
		D8FEFAA3237D0BED0096CD6F /* Project object */ = {
			isa = PBXProject;
			attributes = {
				LastUpgradeCheck = 1110;
				ORGANIZATIONNAME = JJH;
				TargetAttributes = {
					D8FEFAAA237D0BED0096CD6F = {
						CreatedOnToolsVersion = 11.1;
					};
				};
			};
			buildConfigurationList = D8FEFAA6237D0BED0096CD6F /* Build configuration list for PBXProject "HeadFirstC" */;
			compatibilityVersion = "Xcode 9.3";
			developmentRegion = en;
			hasScannedForEncodings = 0;
			knownRegions = (
				en,
				Base,
			);
			mainGroup = D8FEFAA2237D0BED0096CD6F;
			productRefGroup = D8FEFAAC237D0BED0096CD6F /* Products */;
			projectDirPath = "";
			projectRoot = "";
			targets = (
				D8FEFAAA237D0BED0096CD6F /* HeadFirstC */,
			);
		};
/* End PBXProject section */

/* Begin PBXSourcesBuildPhase section */
		D8FEFAA7237D0BED0096CD6F /* Sources */ = {
			isa = PBXSourcesBuildPhase;
			buildActionMask = 2147483647;
			files = (
				D84886C6238EECCC005BFB74 /* jukebox.c in Sources */,
				D847B2B6238CEB96004BFD8D /* name_test.c in Sources */,
				D87A7535253EA7FE00EF3F20 /* bermuda.c in Sources */,
				D847B2B32384FDC7004BFD8D /* compass.c in Sources */,
				D8FEFABB23825BCC0096CD6F /* larger.c in Sources */,
				D8FEFAAF237D0BED0096CD6F /* cards.c in Sources */,
				D8E76E18239F62440011EA84 /* geo2json.c in Sources */,
				D84886C3238EE088005BFB74 /* monte.c in Sources */,
			);
			runOnlyForDeploymentPostprocessing = 0;
		};
/* End PBXSourcesBuildPhase section */

/* Begin XCBuildConfiguration section */
		D8FEFAB0237D0BED0096CD6F /* Debug */ = {
			isa = XCBuildConfiguration;
			buildSettings = {
				ALWAYS_SEARCH_USER_PATHS = NO;
				CLANG_ANALYZER_NONNULL = YES;
				CLANG_ANALYZER_NUMBER_OBJECT_CONVERSION = YES_AGGRESSIVE;
				CLANG_CXX_LANGUAGE_STANDARD = "gnu++14";
				CLANG_CXX_LIBRARY = "libc++";
				CLANG_ENABLE_MODULES = YES;
				CLANG_ENABLE_OBJC_ARC = YES;
				CLANG_ENABLE_OBJC_WEAK = YES;
				CLANG_WARN_BLOCK_CAPTURE_AUTORELEASING = YES;
				CLANG_WARN_BOOL_CONVERSION = YES;
				CLANG_WARN_COMMA = YES;
				CLANG_WARN_CONSTANT_CONVERSION = YES;
				CLANG_WARN_DEPRECATED_OBJC_IMPLEMENTATIONS = YES;
				CLANG_WARN_DIRECT_OBJC_ISA_USAGE = YES_ERROR;
				CLANG_WARN_DOCUMENTATION_COMMENTS = YES;
				CLANG_WARN_EMPTY_BODY = YES;
				CLANG_WARN_ENUM_CONVERSION = YES;
				CLANG_WARN_INFINITE_RECURSION = YES;
				CLANG_WARN_INT_CONVERSION = YES;
				CLANG_WARN_NON_LITERAL_NULL_CONVERSION = YES;
				CLANG_WARN_OBJC_IMPLICIT_RETAIN_SELF = YES;
				CLANG_WARN_OBJC_LITERAL_CONVERSION = YES;
				CLANG_WARN_OBJC_ROOT_CLASS = YES_ERROR;
				CLANG_WARN_RANGE_LOOP_ANALYSIS = YES;
				CLANG_WARN_STRICT_PROTOTYPES = YES;
				CLANG_WARN_SUSPICIOUS_MOVE = YES;
				CLANG_WARN_UNGUARDED_AVAILABILITY = YES_AGGRESSIVE;
				CLANG_WARN_UNREACHABLE_CODE = YES;
				CLANG_WARN__DUPLICATE_METHOD_MATCH = YES;
				COPY_PHASE_STRIP = NO;
				DEBUG_INFORMATION_FORMAT = dwarf;
				ENABLE_STRICT_OBJC_MSGSEND = YES;
				ENABLE_TESTABILITY = YES;
				GCC_C_LANGUAGE_STANDARD = gnu11;
				GCC_DYNAMIC_NO_PIC = NO;
				GCC_NO_COMMON_BLOCKS = YES;
				GCC_OPTIMIZATION_LEVEL = 0;
				GCC_PREPROCESSOR_DEFINITIONS = (
					"DEBUG=1",
					"$(inherited)",
				);
				GCC_WARN_64_TO_32_BIT_CONVERSION = YES;
				GCC_WARN_ABOUT_RETURN_TYPE = YES_ERROR;
				GCC_WARN_UNDECLARED_SELECTOR = YES;
				GCC_WARN_UNINITIALIZED_AUTOS = YES_AGGRESSIVE;
				GCC_WARN_UNUSED_FUNCTION = YES;
				GCC_WARN_UNUSED_VARIABLE = YES;
				MACOSX_DEPLOYMENT_TARGET = 10.14;
				MTL_ENABLE_DEBUG_INFO = INCLUDE_SOURCE;
				MTL_FAST_MATH = YES;
				ONLY_ACTIVE_ARCH = YES;
				SDKROOT = macosx;
			};
			name = Debug;
		};
		D8FEFAB1237D0BED0096CD6F /* Release */ = {
			isa = XCBuildConfiguration;
			buildSettings = {
				ALWAYS_SEARCH_USER_PATHS = NO;
				CLANG_ANALYZER_NONNULL = YES;
				CLANG_ANALYZER_NUMBER_OBJECT_CONVERSION = YES_AGGRESSIVE;
				CLANG_CXX_LANGUAGE_STANDARD = "gnu++14";
				CLANG_CXX_LIBRARY = "libc++";
				CLANG_ENABLE_MODULES = YES;
				CLANG_ENABLE_OBJC_ARC = YES;
				CLANG_ENABLE_OBJC_WEAK = YES;
				CLANG_WARN_BLOCK_CAPTURE_AUTORELEASING = YES;
				CLANG_WARN_BOOL_CONVERSION = YES;
				CLANG_WARN_COMMA = YES;
				CLANG_WARN_CONSTANT_CONVERSION = YES;
				CLANG_WARN_DEPRECATED_OBJC_IMPLEMENTATIONS = YES;
				CLANG_WARN_DIRECT_OBJC_ISA_USAGE = YES_ERROR;
				CLANG_WARN_DOCUMENTATION_COMMENTS = YES;
				CLANG_WARN_EMPTY_BODY = YES;
				CLANG_WARN_ENUM_CONVERSION = YES;
				CLANG_WARN_INFINITE_RECURSION = YES;
				CLANG_WARN_INT_CONVERSION = YES;
				CLANG_WARN_NON_LITERAL_NULL_CONVERSION = YES;
				CLANG_WARN_OBJC_IMPLICIT_RETAIN_SELF = YES;
				CLANG_WARN_OBJC_LITERAL_CONVERSION = YES;
				CLANG_WARN_OBJC_ROOT_CLASS = YES_ERROR;
				CLANG_WARN_RANGE_LOOP_ANALYSIS = YES;
				CLANG_WARN_STRICT_PROTOTYPES = YES;
				CLANG_WARN_SUSPICIOUS_MOVE = YES;
				CLANG_WARN_UNGUARDED_AVAILABILITY = YES_AGGRESSIVE;
				CLANG_WARN_UNREACHABLE_CODE = YES;
				CLANG_WARN__DUPLICATE_METHOD_MATCH = YES;
				COPY_PHASE_STRIP = NO;
				DEBUG_INFORMATION_FORMAT = "dwarf-with-dsym";
				ENABLE_NS_ASSERTIONS = NO;
				ENABLE_STRICT_OBJC_MSGSEND = YES;
				GCC_C_LANGUAGE_STANDARD = gnu11;
				GCC_NO_COMMON_BLOCKS = YES;
				GCC_WARN_64_TO_32_BIT_CONVERSION = YES;
				GCC_WARN_ABOUT_RETURN_TYPE = YES_ERROR;
				GCC_WARN_UNDECLARED_SELECTOR = YES;
				GCC_WARN_UNINITIALIZED_AUTOS = YES_AGGRESSIVE;
				GCC_WARN_UNUSED_FUNCTION = YES;
				GCC_WARN_UNUSED_VARIABLE = YES;
				MACOSX_DEPLOYMENT_TARGET = 10.14;
				MTL_ENABLE_DEBUG_INFO = NO;
				MTL_FAST_MATH = YES;
				SDKROOT = macosx;
			};
			name = Release;
		};
		D8FEFAB3237D0BED0096CD6F /* Debug */ = {
			isa = XCBuildConfiguration;
			buildSettings = {
				CODE_SIGN_STYLE = Automatic;
				DEVELOPMENT_TEAM = 3BKJW7G94K;
				ENABLE_HARDENED_RUNTIME = YES;
				PRODUCT_NAME = "$(TARGET_NAME)";
			};
			name = Debug;
		};
		D8FEFAB4237D0BED0096CD6F /* Release */ = {
			isa = XCBuildConfiguration;
			buildSettings = {
				CODE_SIGN_STYLE = Automatic;
				DEVELOPMENT_TEAM = 3BKJW7G94K;
				ENABLE_HARDENED_RUNTIME = YES;
				PRODUCT_NAME = "$(TARGET_NAME)";
			};
			name = Release;
		};
/* End XCBuildConfiguration section */

/* Begin XCConfigurationList section */
		D8FEFAA6237D0BED0096CD6F /* Build configuration list for PBXProject "HeadFirstC" */ = {
			isa = XCConfigurationList;
			buildConfigurations = (
				D8FEFAB0237D0BED0096CD6F /* Debug */,
				D8FEFAB1237D0BED0096CD6F /* Release */,
			);
			defaultConfigurationIsVisible = 0;
			defaultConfigurationName = Release;
		};
		D8FEFAB2237D0BED0096CD6F /* Build configuration list for PBXNativeTarget "HeadFirstC" */ = {
			isa = XCConfigurationList;
			buildConfigurations = (
				D8FEFAB3237D0BED0096CD6F /* Debug */,
				D8FEFAB4237D0BED0096CD6F /* Release */,
			);
			defaultConfigurationIsVisible = 0;
			defaultConfigurationName = Release;
		};
/* End XCConfigurationList section */
	};
	rootObject = D8FEFAA3237D0BED0096CD6F /* Project object */;
}
